// !$*UTF8*$!
{
	archiveVersion = 1;
	classes = {
	};
	objectVersion = 46;
	objects = {

/* Begin PBXBuildFile section */
		094113731EA3302600A2A855 /* AppDelegate.swift in Sources */ = {isa = PBXBuildFile; fileRef = 094113721EA3302600A2A855 /* AppDelegate.swift */; };
		094113751EA3302600A2A855 /* ViewController.swift in Sources */ = {isa = PBXBuildFile; fileRef = 094113741EA3302600A2A855 /* ViewController.swift */; };
		094113781EA3302600A2A855 /* Main.storyboard in Resources */ = {isa = PBXBuildFile; fileRef = 094113761EA3302600A2A855 /* Main.storyboard */; };
		0941137A1EA3302600A2A855 /* Assets.xcassets in Resources */ = {isa = PBXBuildFile; fileRef = 094113791EA3302600A2A855 /* Assets.xcassets */; };
		0941137D1EA3302600A2A855 /* LaunchScreen.storyboard in Resources */ = {isa = PBXBuildFile; fileRef = 0941137B1EA3302600A2A855 /* LaunchScreen.storyboard */; };
		094113881EA3302600A2A855 /* Kansai_Leaders9thTests.swift in Sources */ = {isa = PBXBuildFile; fileRef = 094113871EA3302600A2A855 /* Kansai_Leaders9thTests.swift */; };
		094113931EA3302600A2A855 /* Kansai_Leaders9thUITests.swift in Sources */ = {isa = PBXBuildFile; fileRef = 094113921EA3302600A2A855 /* Kansai_Leaders9thUITests.swift */; };
/* End PBXBuildFile section */

/* Begin PBXContainerItemProxy section */
		094113841EA3302600A2A855 /* PBXContainerItemProxy */ = {
			isa = PBXContainerItemProxy;
			containerPortal = 094113671EA3302600A2A855 /* Project object */;
			proxyType = 1;
			remoteGlobalIDString = 0941136E1EA3302600A2A855;
			remoteInfo = Kansai_Leaders9th;
		};
		0941138F1EA3302600A2A855 /* PBXContainerItemProxy */ = {
			isa = PBXContainerItemProxy;
			containerPortal = 094113671EA3302600A2A855 /* Project object */;
			proxyType = 1;
			remoteGlobalIDString = 0941136E1EA3302600A2A855;
			remoteInfo = Kansai_Leaders9th;
		};
/* End PBXContainerItemProxy section */

/* Begin PBXFileReference section */
		0941136F1EA3302600A2A855 /* Kansai_Leaders9th.app */ = {isa = PBXFileReference; explicitFileType = wrapper.application; includeInIndex = 0; path = Kansai_Leaders9th.app; sourceTree = BUILT_PRODUCTS_DIR; };
		094113721EA3302600A2A855 /* AppDelegate.swift */ = {isa = PBXFileReference; lastKnownFileType = sourcecode.swift; path = AppDelegate.swift; sourceTree = "<group>"; };
		094113741EA3302600A2A855 /* ViewController.swift */ = {isa = PBXFileReference; lastKnownFileType = sourcecode.swift; path = ViewController.swift; sourceTree = "<group>"; };
		094113771EA3302600A2A855 /* Base */ = {isa = PBXFileReference; lastKnownFileType = file.storyboard; name = Base; path = Base.lproj/Main.storyboard; sourceTree = "<group>"; };
		094113791EA3302600A2A855 /* Assets.xcassets */ = {isa = PBXFileReference; lastKnownFileType = folder.assetcatalog; path = Assets.xcassets; sourceTree = "<group>"; };
		0941137C1EA3302600A2A855 /* Base */ = {isa = PBXFileReference; lastKnownFileType = file.storyboard; name = Base; path = Base.lproj/LaunchScreen.storyboard; sourceTree = "<group>"; };
		0941137E1EA3302600A2A855 /* Info.plist */ = {isa = PBXFileReference; lastKnownFileType = text.plist.xml; path = Info.plist; sourceTree = "<group>"; };
		094113831EA3302600A2A855 /* Kansai_Leaders9thTests.xctest */ = {isa = PBXFileReference; explicitFileType = wrapper.cfbundle; includeInIndex = 0; path = Kansai_Leaders9thTests.xctest; sourceTree = BUILT_PRODUCTS_DIR; };
		094113871EA3302600A2A855 /* Kansai_Leaders9thTests.swift */ = {isa = PBXFileReference; lastKnownFileType = sourcecode.swift; path = Kansai_Leaders9thTests.swift; sourceTree = "<group>"; };
		094113891EA3302600A2A855 /* Info.plist */ = {isa = PBXFileReference; lastKnownFileType = text.plist.xml; path = Info.plist; sourceTree = "<group>"; };
		0941138E1EA3302600A2A855 /* Kansai_Leaders9thUITests.xctest */ = {isa = PBXFileReference; explicitFileType = wrapper.cfbundle; includeInIndex = 0; path = Kansai_Leaders9thUITests.xctest; sourceTree = BUILT_PRODUCTS_DIR; };
		094113921EA3302600A2A855 /* Kansai_Leaders9thUITests.swift */ = {isa = PBXFileReference; lastKnownFileType = sourcecode.swift; path = Kansai_Leaders9thUITests.swift; sourceTree = "<group>"; };
		094113941EA3302600A2A855 /* Info.plist */ = {isa = PBXFileReference; lastKnownFileType = text.plist.xml; path = Info.plist; sourceTree = "<group>"; };
/* End PBXFileReference section */

/* Begin PBXFrameworksBuildPhase section */
		0941136C1EA3302600A2A855 /* Frameworks */ = {
			isa = PBXFrameworksBuildPhase;
			buildActionMask = 2147483647;
			files = (
			);
			runOnlyForDeploymentPostprocessing = 0;
		};
		094113801EA3302600A2A855 /* Frameworks */ = {
			isa = PBXFrameworksBuildPhase;
			buildActionMask = 2147483647;
			files = (
			);
			runOnlyForDeploymentPostprocessing = 0;
		};
		0941138B1EA3302600A2A855 /* Frameworks */ = {
			isa = PBXFrameworksBuildPhase;
			buildActionMask = 2147483647;
			files = (
			);
			runOnlyForDeploymentPostprocessing = 0;
		};
/* End PBXFrameworksBuildPhase section */

/* Begin PBXGroup section */
		094113661EA3302600A2A855 = {
			isa = PBXGroup;
			children = (
				094113711EA3302600A2A855 /* Kansai_Leaders9th */,
				094113861EA3302600A2A855 /* Kansai_Leaders9thTests */,
				094113911EA3302600A2A855 /* Kansai_Leaders9thUITests */,
				094113701EA3302600A2A855 /* Products */,
			);
			sourceTree = "<group>";
		};
		094113701EA3302600A2A855 /* Products */ = {
			isa = PBXGroup;
			children = (
				0941136F1EA3302600A2A855 /* Kansai_Leaders9th.app */,
				094113831EA3302600A2A855 /* Kansai_Leaders9thTests.xctest */,
				0941138E1EA3302600A2A855 /* Kansai_Leaders9thUITests.xctest */,
			);
			name = Products;
			sourceTree = "<group>";
		};
		094113711EA3302600A2A855 /* Kansai_Leaders9th */ = {
			isa = PBXGroup;
			children = (
				094113721EA3302600A2A855 /* AppDelegate.swift */,
				094113741EA3302600A2A855 /* ViewController.swift */,
				094113761EA3302600A2A855 /* Main.storyboard */,
				094113791EA3302600A2A855 /* Assets.xcassets */,
				0941137B1EA3302600A2A855 /* LaunchScreen.storyboard */,
				0941137E1EA3302600A2A855 /* Info.plist */,
			);
			path = Kansai_Leaders9th;
			sourceTree = "<group>";
		};
		094113861EA3302600A2A855 /* Kansai_Leaders9thTests */ = {
			isa = PBXGroup;
			children = (
				094113871EA3302600A2A855 /* Kansai_Leaders9thTests.swift */,
				094113891EA3302600A2A855 /* Info.plist */,
			);
			path = Kansai_Leaders9thTests;
			sourceTree = "<group>";
		};
		094113911EA3302600A2A855 /* Kansai_Leaders9thUITests */ = {
			isa = PBXGroup;
			children = (
				094113921EA3302600A2A855 /* Kansai_Leaders9thUITests.swift */,
				094113941EA3302600A2A855 /* Info.plist */,
			);
			path = Kansai_Leaders9thUITests;
			sourceTree = "<group>";
		};
/* End PBXGroup section */

/* Begin PBXNativeTarget section */
		0941136E1EA3302600A2A855 /* Kansai_Leaders9th */ = {
			isa = PBXNativeTarget;
			buildConfigurationList = 094113971EA3302600A2A855 /* Build configuration list for PBXNativeTarget "Kansai_Leaders9th" */;
			buildPhases = (
				0941136B1EA3302600A2A855 /* Sources */,
				0941136C1EA3302600A2A855 /* Frameworks */,
				0941136D1EA3302600A2A855 /* Resources */,
			);
			buildRules = (
			);
			dependencies = (
			);
			name = Kansai_Leaders9th;
			productName = Kansai_Leaders9th;
			productReference = 0941136F1EA3302600A2A855 /* Kansai_Leaders9th.app */;
			productType = "com.apple.product-type.application";
		};
		094113821EA3302600A2A855 /* Kansai_Leaders9thTests */ = {
			isa = PBXNativeTarget;
			buildConfigurationList = 0941139A1EA3302600A2A855 /* Build configuration list for PBXNativeTarget "Kansai_Leaders9thTests" */;
			buildPhases = (
				0941137F1EA3302600A2A855 /* Sources */,
				094113801EA3302600A2A855 /* Frameworks */,
				094113811EA3302600A2A855 /* Resources */,
			);
			buildRules = (
			);
			dependencies = (
				094113851EA3302600A2A855 /* PBXTargetDependency */,
			);
			name = Kansai_Leaders9thTests;
			productName = Kansai_Leaders9thTests;
			productReference = 094113831EA3302600A2A855 /* Kansai_Leaders9thTests.xctest */;
			productType = "com.apple.product-type.bundle.unit-test";
		};
		0941138D1EA3302600A2A855 /* Kansai_Leaders9thUITests */ = {
			isa = PBXNativeTarget;
			buildConfigurationList = 0941139D1EA3302600A2A855 /* Build configuration list for PBXNativeTarget "Kansai_Leaders9thUITests" */;
			buildPhases = (
				0941138A1EA3302600A2A855 /* Sources */,
				0941138B1EA3302600A2A855 /* Frameworks */,
				0941138C1EA3302600A2A855 /* Resources */,
			);
			buildRules = (
			);
			dependencies = (
				094113901EA3302600A2A855 /* PBXTargetDependency */,
			);
			name = Kansai_Leaders9thUITests;
			productName = Kansai_Leaders9thUITests;
			productReference = 0941138E1EA3302600A2A855 /* Kansai_Leaders9thUITests.xctest */;
			productType = "com.apple.product-type.bundle.ui-testing";
		};
/* End PBXNativeTarget section */

/* Begin PBXProject section */
		094113671EA3302600A2A855 /* Project object */ = {
			isa = PBXProject;
			attributes = {
				LastSwiftUpdateCheck = 0830;
				LastUpgradeCheck = 0830;
				ORGANIZATIONNAME = army;
				TargetAttributes = {
					0941136E1EA3302600A2A855 = {
						CreatedOnToolsVersion = 8.3.1;
						ProvisioningStyle = Automatic;
					};
					094113821EA3302600A2A855 = {
						CreatedOnToolsVersion = 8.3.1;
						ProvisioningStyle = Automatic;
						TestTargetID = 0941136E1EA3302600A2A855;
					};
					0941138D1EA3302600A2A855 = {
						CreatedOnToolsVersion = 8.3.1;
						ProvisioningStyle = Automatic;
						TestTargetID = 0941136E1EA3302600A2A855;
					};
				};
			};
			buildConfigurationList = 0941136A1EA3302600A2A855 /* Build configuration list for PBXProject "Kansai_Leaders9th" */;
			compatibilityVersion = "Xcode 3.2";
			developmentRegion = English;
			hasScannedForEncodings = 0;
			knownRegions = (
				en,
				Base,
			);
			mainGroup = 094113661EA3302600A2A855;
			productRefGroup = 094113701EA3302600A2A855 /* Products */;
			projectDirPath = "";
			projectRoot = "";
			targets = (
				0941136E1EA3302600A2A855 /* Kansai_Leaders9th */,
				094113821EA3302600A2A855 /* Kansai_Leaders9thTests */,
				0941138D1EA3302600A2A855 /* Kansai_Leaders9thUITests */,
			);
		};
/* End PBXProject section */

/* Begin PBXResourcesBuildPhase section */
		0941136D1EA3302600A2A855 /* Resources */ = {
			isa = PBXResourcesBuildPhase;
			buildActionMask = 2147483647;
			files = (
				0941137D1EA3302600A2A855 /* LaunchScreen.storyboard in Resources */,
				0941137A1EA3302600A2A855 /* Assets.xcassets in Resources */,
				094113781EA3302600A2A855 /* Main.storyboard in Resources */,
			);
			runOnlyForDeploymentPostprocessing = 0;
		};
		094113811EA3302600A2A855 /* Resources */ = {
			isa = PBXResourcesBuildPhase;
			buildActionMask = 2147483647;
			files = (
			);
			runOnlyForDeploymentPostprocessing = 0;
		};
		0941138C1EA3302600A2A855 /* Resources */ = {
			isa = PBXResourcesBuildPhase;
			buildActionMask = 2147483647;
			files = (
			);
			runOnlyForDeploymentPostprocessing = 0;
		};
/* End PBXResourcesBuildPhase section */

/* Begin PBXSourcesBuildPhase section */
		0941136B1EA3302600A2A855 /* Sources */ = {
			isa = PBXSourcesBuildPhase;
			buildActionMask = 2147483647;
			files = (
				094113751EA3302600A2A855 /* ViewController.swift in Sources */,
				094113731EA3302600A2A855 /* AppDelegate.swift in Sources */,
			);
			runOnlyForDeploymentPostprocessing = 0;
		};
		0941137F1EA3302600A2A855 /* Sources */ = {
			isa = PBXSourcesBuildPhase;
			buildActionMask = 2147483647;
			files = (
				094113881EA3302600A2A855 /* Kansai_Leaders9thTests.swift in Sources */,
			);
			runOnlyForDeploymentPostprocessing = 0;
		};
		0941138A1EA3302600A2A855 /* Sources */ = {
			isa = PBXSourcesBuildPhase;
			buildActionMask = 2147483647;
			files = (
				094113931EA3302600A2A855 /* Kansai_Leaders9thUITests.swift in Sources */,
			);
			runOnlyForDeploymentPostprocessing = 0;
		};
/* End PBXSourcesBuildPhase section */

/* Begin PBXTargetDependency section */
		094113851EA3302600A2A855 /* PBXTargetDependency */ = {
			isa = PBXTargetDependency;
			target = 0941136E1EA3302600A2A855 /* Kansai_Leaders9th */;
			targetProxy = 094113841EA3302600A2A855 /* PBXContainerItemProxy */;
		};
		094113901EA3302600A2A855 /* PBXTargetDependency */ = {
			isa = PBXTargetDependency;
			target = 0941136E1EA3302600A2A855 /* Kansai_Leaders9th */;
			targetProxy = 0941138F1EA3302600A2A855 /* PBXContainerItemProxy */;
		};
/* End PBXTargetDependency section */

/* Begin PBXVariantGroup section */
		094113761EA3302600A2A855 /* Main.storyboard */ = {
			isa = PBXVariantGroup;
			children = (
				094113771EA3302600A2A855 /* Base */,
			);
			name = Main.storyboard;
			sourceTree = "<group>";
		};
		0941137B1EA3302600A2A855 /* LaunchScreen.storyboard */ = {
			isa = PBXVariantGroup;
			children = (
				0941137C1EA3302600A2A855 /* Base */,
			);
			name = LaunchScreen.storyboard;
			sourceTree = "<group>";
		};
/* End PBXVariantGroup section */

/* Begin XCBuildConfiguration section */
		094113951EA3302600A2A855 /* Debug */ = {
			isa = XCBuildConfiguration;
			buildSettings = {
				ALWAYS_SEARCH_USER_PATHS = NO;
				CLANG_ANALYZER_NONNULL = YES;
				CLANG_ANALYZER_NUMBER_OBJECT_CONVERSION = YES_AGGRESSIVE;
				CLANG_CXX_LANGUAGE_STANDARD = "gnu++0x";
				CLANG_CXX_LIBRARY = "libc++";
				CLANG_ENABLE_MODULES = YES;
				CLANG_ENABLE_OBJC_ARC = YES;
				CLANG_WARN_BOOL_CONVERSION = YES;
				CLANG_WARN_CONSTANT_CONVERSION = YES;
				CLANG_WARN_DIRECT_OBJC_ISA_USAGE = YES_ERROR;
				CLANG_WARN_DOCUMENTATION_COMMENTS = YES;
				CLANG_WARN_EMPTY_BODY = YES;
				CLANG_WARN_ENUM_CONVERSION = YES;
				CLANG_WARN_INFINITE_RECURSION = YES;
				CLANG_WARN_INT_CONVERSION = YES;
				CLANG_WARN_OBJC_ROOT_CLASS = YES_ERROR;
				CLANG_WARN_SUSPICIOUS_MOVE = YES;
				CLANG_WARN_UNREACHABLE_CODE = YES;
				CLANG_WARN__DUPLICATE_METHOD_MATCH = YES;
				"CODE_SIGN_IDENTITY[sdk=iphoneos*]" = "iPhone Developer";
				COPY_PHASE_STRIP = NO;
				DEBUG_INFORMATION_FORMAT = dwarf;
				ENABLE_STRICT_OBJC_MSGSEND = YES;
				ENABLE_TESTABILITY = YES;
				GCC_C_LANGUAGE_STANDARD = gnu99;
				GCC_DYNAMIC_NO_PIC = NO;
				GCC_NO_COMMON_BLOCKS = YES;
				GCC_OPTIMIZATION_LEVEL = 0;
				GCC_PREPROCESSOR_DEFINITIONS = (
					"DEBUG=1",
					"$(inherited)",
				);
				GCC_WARN_64_TO_32_BIT_CONVERSION = YES;
				GCC_WARN_ABOUT_RETURN_TYPE = YES_ERROR;
				GCC_WARN_UNDECLARED_SELECTOR = YES;
				GCC_WARN_UNINITIALIZED_AUTOS = YES_AGGRESSIVE;
				GCC_WARN_UNUSED_FUNCTION = YES;
				GCC_WARN_UNUSED_VARIABLE = YES;
				IPHONEOS_DEPLOYMENT_TARGET = 10.3;
				MTL_ENABLE_DEBUG_INFO = YES;
				ONLY_ACTIVE_ARCH = YES;
				SDKROOT = iphoneos;
				SWIFT_ACTIVE_COMPILATION_CONDITIONS = DEBUG;
				SWIFT_OPTIMIZATION_LEVEL = "-Onone";
			};
			name = Debug;
		};
		094113961EA3302600A2A855 /* Release */ = {
			isa = XCBuildConfiguration;
			buildSettings = {
				ALWAYS_SEARCH_USER_PATHS = NO;
				CLANG_ANALYZER_NONNULL = YES;
				CLANG_ANALYZER_NUMBER_OBJECT_CONVERSION = YES_AGGRESSIVE;
				CLANG_CXX_LANGUAGE_STANDARD = "gnu++0x";
				CLANG_CXX_LIBRARY = "libc++";
				CLANG_ENABLE_MODULES = YES;
				CLANG_ENABLE_OBJC_ARC = YES;
				CLANG_WARN_BOOL_CONVERSION = YES;
				CLANG_WARN_CONSTANT_CONVERSION = YES;
				CLANG_WARN_DIRECT_OBJC_ISA_USAGE = YES_ERROR;
				CLANG_WARN_DOCUMENTATION_COMMENTS = YES;
				CLANG_WARN_EMPTY_BODY = YES;
				CLANG_WARN_ENUM_CONVERSION = YES;
				CLANG_WARN_INFINITE_RECURSION = YES;
				CLANG_WARN_INT_CONVERSION = YES;
				CLANG_WARN_OBJC_ROOT_CLASS = YES_ERROR;
				CLANG_WARN_SUSPICIOUS_MOVE = YES;
				CLANG_WARN_UNREACHABLE_CODE = YES;
				CLANG_WARN__DUPLICATE_METHOD_MATCH = YES;
				"CODE_SIGN_IDENTITY[sdk=iphoneos*]" = "iPhone Developer";
				COPY_PHASE_STRIP = NO;
				DEBUG_INFORMATION_FORMAT = "dwarf-with-dsym";
				ENABLE_NS_ASSERTIONS = NO;
				ENABLE_STRICT_OBJC_MSGSEND = YES;
				GCC_C_LANGUAGE_STANDARD = gnu99;
				GCC_NO_COMMON_BLOCKS = YES;
				GCC_WARN_64_TO_32_BIT_CONVERSION = YES;
				GCC_WARN_ABOUT_RETURN_TYPE = YES_ERROR;
				GCC_WARN_UNDECLARED_SELECTOR = YES;
				GCC_WARN_UNINITIALIZED_AUTOS = YES_AGGRESSIVE;
				GCC_WARN_UNUSED_FUNCTION = YES;
				GCC_WARN_UNUSED_VARIABLE = YES;
				IPHONEOS_DEPLOYMENT_TARGET = 10.3;
				MTL_ENABLE_DEBUG_INFO = NO;
				SDKROOT = iphoneos;
				SWIFT_OPTIMIZATION_LEVEL = "-Owholemodule";
				VALIDATE_PRODUCT = YES;
			};
			name = Release;
		};
		094113981EA3302600A2A855 /* Debug */ = {
			isa = XCBuildConfiguration;
			buildSettings = {
				ASSETCATALOG_COMPILER_APPICON_NAME = AppIcon;
				INFOPLIST_FILE = Kansai_Leaders9th/Info.plist;
				LD_RUNPATH_SEARCH_PATHS = "$(inherited) @executable_path/Frameworks";
				PRODUCT_BUNDLE_IDENTIFIER = "Shoma-Kato.Kansai-Leaders9th";
				PRODUCT_NAME = "$(TARGET_NAME)";
				SWIFT_VERSION = 3.0;
			};
			name = Debug;
		};
		094113991EA3302600A2A855 /* Release */ = {
			isa = XCBuildConfiguration;
			buildSettings = {
				ASSETCATALOG_COMPILER_APPICON_NAME = AppIcon;
				INFOPLIST_FILE = Kansai_Leaders9th/Info.plist;
				LD_RUNPATH_SEARCH_PATHS = "$(inherited) @executable_path/Frameworks";
				PRODUCT_BUNDLE_IDENTIFIER = "Shoma-Kato.Kansai-Leaders9th";
				PRODUCT_NAME = "$(TARGET_NAME)";
				SWIFT_VERSION = 3.0;
			};
			name = Release;
		};
		0941139B1EA3302600A2A855 /* Debug */ = {
			isa = XCBuildConfiguration;
			buildSettings = {
				ALWAYS_EMBED_SWIFT_STANDARD_LIBRARIES = YES;
				BUNDLE_LOADER = "$(TEST_HOST)";
				INFOPLIST_FILE = Kansai_Leaders9thTests/Info.plist;
				LD_RUNPATH_SEARCH_PATHS = "$(inherited) @executable_path/Frameworks @loader_path/Frameworks";
				PRODUCT_BUNDLE_IDENTIFIER = "Shoma-Kato.Kansai-Leaders9thTests";
				PRODUCT_NAME = "$(TARGET_NAME)";
				SWIFT_VERSION = 3.0;
				TEST_HOST = "$(BUILT_PRODUCTS_DIR)/Kansai_Leaders9th.app/Kansai_Leaders9th";
			};
			name = Debug;
		};
		0941139C1EA3302600A2A855 /* Release */ = {
			isa = XCBuildConfiguration;
			buildSettings = {
				ALWAYS_EMBED_SWIFT_STANDARD_LIBRARIES = YES;
				BUNDLE_LOADER = "$(TEST_HOST)";
				INFOPLIST_FILE = Kansai_Leaders9thTests/Info.plist;
				LD_RUNPATH_SEARCH_PATHS = "$(inherited) @executable_path/Frameworks @loader_path/Frameworks";
				PRODUCT_BUNDLE_IDENTIFIER = "Shoma-Kato.Kansai-Leaders9thTests";
				PRODUCT_NAME = "$(TARGET_NAME)";
				SWIFT_VERSION = 3.0;
				TEST_HOST = "$(BUILT_PRODUCTS_DIR)/Kansai_Leaders9th.app/Kansai_Leaders9th";
			};
			name = Release;
		};
		0941139E1EA3302600A2A855 /* Debug */ = {
			isa = XCBuildConfiguration;
			buildSettings = {
				ALWAYS_EMBED_SWIFT_STANDARD_LIBRARIES = YES;
				INFOPLIST_FILE = Kansai_Leaders9thUITests/Info.plist;
				LD_RUNPATH_SEARCH_PATHS = "$(inherited) @executable_path/Frameworks @loader_path/Frameworks";
				PRODUCT_BUNDLE_IDENTIFIER = "Shoma-Kato.Kansai-Leaders9thUITests";
				PRODUCT_NAME = "$(TARGET_NAME)";
				SWIFT_VERSION = 3.0;
				TEST_TARGET_NAME = Kansai_Leaders9th;
			};
			name = Debug;
		};
		0941139F1EA3302600A2A855 /* Release */ = {
			isa = XCBuildConfiguration;
			buildSettings = {
				ALWAYS_EMBED_SWIFT_STANDARD_LIBRARIES = YES;
				INFOPLIST_FILE = Kansai_Leaders9thUITests/Info.plist;
				LD_RUNPATH_SEARCH_PATHS = "$(inherited) @executable_path/Frameworks @loader_path/Frameworks";
				PRODUCT_BUNDLE_IDENTIFIER = "Shoma-Kato.Kansai-Leaders9thUITests";
				PRODUCT_NAME = "$(TARGET_NAME)";
				SWIFT_VERSION = 3.0;
				TEST_TARGET_NAME = Kansai_Leaders9th;
			};
			name = Release;
		};
/* End XCBuildConfiguration section */

/* Begin XCConfigurationList section */
		0941136A1EA3302600A2A855 /* Build configuration list for PBXProject "Kansai_Leaders9th" */ = {
			isa = XCConfigurationList;
			buildConfigurations = (
				094113951EA3302600A2A855 /* Debug */,
				094113961EA3302600A2A855 /* Release */,
			);
			defaultConfigurationIsVisible = 0;
			defaultConfigurationName = Release;
		};
		094113971EA3302600A2A855 /* Build configuration list for PBXNativeTarget "Kansai_Leaders9th" */ = {
			isa = XCConfigurationList;
			buildConfigurations = (
				094113981EA3302600A2A855 /* Debug */,
				094113991EA3302600A2A855 /* Release */,
			);
			defaultConfigurationIsVisible = 0;
		};
		0941139A1EA3302600A2A855 /* Build configuration list for PBXNativeTarget "Kansai_Leaders9thTests" */ = {
			isa = XCConfigurationList;
			buildConfigurations = (
				0941139B1EA3302600A2A855 /* Debug */,
				0941139C1EA3302600A2A855 /* Release */,
			);
			defaultConfigurationIsVisible = 0;
		};
		0941139D1EA3302600A2A855 /* Build configuration list for PBXNativeTarget "Kansai_Leaders9thUITests" */ = {
			isa = XCConfigurationList;
			buildConfigurations = (
				0941139E1EA3302600A2A855 /* Debug */,
				0941139F1EA3302600A2A855 /* Release */,
			);
			defaultConfigurationIsVisible = 0;
		};
/* End XCConfigurationList section */
	};
	rootObject = 094113671EA3302600A2A855 /* Project object */;
}
